[[package]]
category = "main"
description = "Pythonic argument parser, that will make you smile"
name = "docopt"
optional = false
python-versions = "*"
version = "0.6.2"

[[package]]
category = "main"
description = "HTTP/2-based RPC framework"
name = "grpcio"
optional = false
python-versions = "*"
version = "1.22.0"

[package.dependencies]
six = ">=1.5.2"

[[package]]
category = "main"
description = "Protobuf code generator for gRPC"
name = "grpcio-tools"
optional = false
python-versions = "*"
version = "1.22.0"

[package.dependencies]
grpcio = ">=1.22.0"
protobuf = ">=3.5.0.post1"

[[package]]
category = "main"
description = "Protocol Buffers"
name = "protobuf"
optional = false
python-versions = "*"
version = "3.8.0"

[package.dependencies]
setuptools = "*"
six = ">=1.9"

[[package]]
category = "main"
description = "Manipulate audio with an simple and easy high level interface"
name = "pydub"
optional = false
python-versions = "*"
version = "0.23.1"

[[package]]
category = "main"
description = "Python 2 and 3 compatibility utilities"
name = "six"
optional = false
python-versions = ">=2.6, !=3.0.*, !=3.1.*"
version = "1.12.0"

[metadata]
content-hash = "dce8406fe4059a038cff27ca3d986b226f958f5ac095758262ba66d03e63d350"
python-versions = "^3.6"

[metadata.hashes]
docopt = ["49b3a825280bd66b3aa83585ef59c4a8c82f2c8a522dbe754a8bc8d08c85c491"]
grpcio = ["03b78b4e7dcdfe3e257bb528cc93923f9cbbab6d5babf15a60d21e9a4a70b1a2", "1ce0ccfbdfe84387dbcbf44adb4ae16ec7ae70e166ffab478993eb1ea1cba3ce", "22e167a9406d73dd19ffe8ed6a485f17e6eac82505be8c108897f15e68badcbb", "31d0aeca8d8ee2301c62c5c340e0889d653b1280d68f9fa203982cb6337b050e", "44c7f99ca17ebbcc96fc54ed00b454d8313f1eac28c563098d8b901025aff941", "5471444f53f9db6a1f1f11f5dbc173228881df8446380b6b98f90afb8fd8348e", "561bca3b1bde6d6564306eb05848fd155136e9c3a25d2961129b1e2edba22fce", "5bf58e1d2c2f55365c06e8cb5abe067b88ca2e5550fb62009c41df4b54505acf", "6b7163d1e85d76b0815df63fcc310daec02b44532bb433f743142d4febcb181f", "766d79cddad95f5f6020037fe60ea8b98578afdf0c59d5a60c106c1bdd886303", "770b7372d5ca68308ff66d7baee53369fa5ce985f84bcb6aa1948c1f2f7b02f2", "7ab178da777fc0f55b6aef5a755f99726e8e4b75e3903954df07b27059b54fcf", "8078305e77c2f6649d36b24d8778096413e474d9d7892c6f92cfb589c9d71b2e", "85600b63a386d860eeaa955e9335e18dd0d7e5477e9214825abf2c2884488369", "857d9b939ae128be1c0c792eb885c7ff6a386b9dea899ac4b06f4d90a31f9d87", "87a41630c90c179fa5c593400f30a467c498972c702f348d41e19dafeb1d319e", "8805d486c6128cc0fcc8ecf16c4095d99a8693a541ef851429ab334e028a4a97", "8d71b7a89c306a41ccc7741fc9409b14f5b86727455c2a1c0c7cfcb0f784e1f2", "9e1b80bd65f8f160880cb4dad7f55697f6d37b2d7f251fc0c2128e811928f369", "9e290c84a145ae2411ee0ec9913c41cd7500e2e7485fe93632434d84ef4fda67", "9ec9f88b5bc94bd99372f27cdd53af1c92ba06717380b127733b953cfb181174", "a0a02a8b4ba6deadf706d5f849539b3685b72b186a3c9ef5d43e8972ed60fb6f", "a4059c59519f5940e01a071f74ae2a60ea8f6185b03d22a09d40c7959a36b16b", "a6e028c2a6da2ebfa2365a5b32531d311fbfec0e3600fc27e901b64f0ff7e54e", "adcdebf9f8463df4120c427cf6c9aed39258bccd03ed37b6939e7a145d64d6e0", "bdec982610259d07156a58f80b8c3e69be7751a9208bc577b059c5193d087fad", "cefc4d4251ffb73feb303d4b7e9d6c367cb60f2db16d259ea28b114045f965aa", "d4145c8aa6afbac10ad27e408f7ce15992fe89ba5d0b4abca31c0c2729864c03", "da76dc5ad719ee99de5ea28a5629ff92172cbb4a70d8a6ae3a5b7a53c7382ce1", "dde2452c08ef8b6426ccab6b5b6de9f06d836d9937d6870e68153cbf8cb49348", "e3d88091d2539a4868750914a6fe7b9ec50e42b913851fc1b77423b5bd918530", "f9c67cfe6278499d7f83559dc6322a8bbb108e307817a3d7acbfea807b3603cc"]
grpcio-tools = ["0d8e85d7e62ea4e04ff75eace98dd0b53b22bd57dc1efbed0f8398db884e1cf6", "160e6fd9c44a3f6c76a8c2f84014e367d41a3cae27c451406b616f9a08ba2b1f", "337554658b4a4c0a6e1ee75acd6681ec45007e1d6d1975e885f92b665881e33a", "36390281f31861b8b685f7e8366ff8abbcdcedf3dda7b73133be56db71d3283b", "3dd362bcd1db5247760b7f8b8157abd53e47210a17df9de994f064819ba64c04", "4381f3722f3c5d02626796f9db6dd0dcb75c13245ea5655b54880ab7bd239a73", "4b5a5fe3e949bd03e068c05070f3cdc6a01b68323efb667199d3c67a30ef515c", "4f43d03e3e1f5f7bb14b8bba35a607e35ea4589fed778b8321c97810bc0a76ac", "67d1a8d71b2572250124ebdebbfac7248563bb97ab139916fb265705d1b0dbe2", "6e6fab6e8e92aadb70b4167e5eadd843e8c850d97213fdf4a39f6e4d3596e6f0", "75fe16b642564e47c65cf6d23362079cdbbbc5c544b59c7bc1a3a7c8865d73e3", "78bc91e38fe6a6c80de084014e22365c788811773829f28621878a803dd6af48", "8dde6f660e8390380e987b0661b2ced31bafa2d3dde9845bd918a007d998e7a8", "928de5a03fa2664d20433d3023e512fa1f8bc0588ff3eceee33c2d93b82e0110", "9a4348b0309c444e5b7bfd3a2cf38bdb354c56e5f4b966eb88b249aff46b0a4c", "9af68a58dc1a339e5735425a66b0a7146114b6fbc860d1f8b74b277d151f7bf1", "a3447b842ab2964a834776be0a38b93d1977887d43cb69a2ce9941388923d8a9", "a83b82b39e32a3110e45a11f0df9aceacefd201c25da79a66edda60d37a9f2e6", "b05de8f16752b50851cd1caa3e63a49b35f8adb3eee0cec8991b231fac0c158d", "b659d2306dd79818b2fae0543377e199bcf656404032e24f2af53a0e5338b5c9", "b688dd1d83fdb46ab84d14a0711a0033984add9717619513f21e00f1b005f986", "bbe9c13774ecaf99beb39d05c3ee659771c903add0c5e7a761c79387f653f69f", "c23f59a04ed9db331922e5f02425958a907a019e157f14a6b95dd0ca1bcf05a6", "cf0c35fe4a8b0dc78d9bf181317d9fe9cd21a397429d9c0c01c0178cf20e4442", "cfd2320a0b4233ec4b9d3ac8d19df69194548bd32473fdba366cb50930f59dc2", "d5c82c63ec24f0de5151e478cabfca23afd39005b6d0ba62dccf81cf19b0ae7f", "d8d3dcb3832c209c66c67bd0f62289358b2cb942a68c00ac94c2ebf6870f731e", "d98ed0a731d6c4cee39e76ba0bc2225455da097f41fa11ebfa27fe3854b6cc98", "dbb2dd5367bfd71a6a779f6b237de015d6e508df129a126fc2a39da8a675457b", "f3c135ad51ec95667bb945be107d0176f3048e615283104bf30027fe8bc06a8e", "f8d75ead0ef7d060699b6c87b11f3c54e0c4b8e24065cbd262b64d300558a420"]
protobuf = ["03f43eac9d5b651f976e91cf46a25b75e5779d98f0f4114b0abfed83376d75f8", "0c94b21e6de01362f91a86b372555d22a60b59708599ca9d5032ae9fdf8e3538", "2d2a9f30f61f4063fadd7fb68a2510a6939b43c0d6ceeec5c4704f22225da28e", "34a0b05fca061e4abb77dd180209f68d8637115ff319f51e28a6a9382d69853a", "358710fd0db25372edcf1150fa691f48376a134a6c69ce29f38f185eea7699e6", "3761ab21883f1d3add8643413b326a0026776879b13ecf904e1e05fe18532c03", "41e47198b94c27ba05a08b4a95160656105745c462af574e4bcb0807164065c0", "8c61cc8a76e9d381c665aecc5105fa0f1878cf7db8b5cd17202603bcb386d0fc", "a6eebc4db759e58fdac02efcd3028b811effac881d8a5bad1996e4e8ee6acb47", "a9c12f7c98093da0a46ba76ec40ace725daa1ac4038c41e4b1466afb5c45bb01", "cb95068492ba0859b8c9e61fa8ba206a83c64e5d0916fb4543700b2e2b214115", "cd98476ce7bb4dcd6a7b101f5eecdc073dafea19f311e36eb8fba1a349346277", "ce64cfbea18c535176bdaa10ba740c0fc4c6d998a3f511c17bedb0ae4b3b167c", "dcbb59eac73fd454e8f2c5fba9e3d3320fd4707ed6a9d3ea3717924a6f0903ea", "dd67f34458ae716029e2a71ede998e9092493b62a519236ca52e3c5202096c87", "e3c96056eb5b7284a20e256cb0bf783c8f36ad82a4ae5434a7b7cd02384144a7", "f612d584d7a27e2f39e7b17878430a959c1bc09a74ba09db096b468558e5e126", "f6de8a7d6122297b81566e5bd4df37fd5d62bec14f8f90ebff8ede1c9726cd0a", "fa529d9261682b24c2aaa683667253175c9acebe0a31105394b221090da75832"]
pydub = ["c362fa02da1eebd1d08bd47aa9b0102582dff7ca2269dbe9e043d228a0c1ea93", "d29901a486fb421c5d7b0f3d5d3a60527179204d8ffb20e74e1ae81c17e81b46"]
six = ["3350809f0555b11f552448330d0b52d5f24c91a322ea4a15ef22629740f3761c", "d16a0141ec1a18405cd4ce8b4613101da75da0e9a7aec5bdd4fa804d0e0eba73"]
